// !$*UTF8*$!
{
	archiveVersion = 1;
	classes = {
	};
	objectVersion = 48;
	objects = {

/* Begin PBXBuildFile section */
		3D8232D62074DD1700793B04 /* AppDelegate.m in Sources */ = {isa = PBXBuildFile; fileRef = 3D8232D52074DD1700793B04 /* AppDelegate.m */; };
		3D8232D92074DD1700793B04 /* ViewController.m in Sources */ = {isa = PBXBuildFile; fileRef = 3D8232D82074DD1700793B04 /* ViewController.m */; };
		3D8232DC2074DD1700793B04 /* Main.storyboard in Resources */ = {isa = PBXBuildFile; fileRef = 3D8232DA2074DD1700793B04 /* Main.storyboard */; };
		3D8232DE2074DD1700793B04 /* Assets.xcassets in Resources */ = {isa = PBXBuildFile; fileRef = 3D8232DD2074DD1700793B04 /* Assets.xcassets */; };
		3D8232E12074DD1700793B04 /* LaunchScreen.storyboard in Resources */ = {isa = PBXBuildFile; fileRef = 3D8232DF2074DD1700793B04 /* LaunchScreen.storyboard */; };
		3D8232E42074DD1700793B04 /* main.m in Sources */ = {isa = PBXBuildFile; fileRef = 3D8232E32074DD1700793B04 /* main.m */; };
		3D8232EC2074DD5200793B04 /* WHLoopScrollView.m in Sources */ = {isa = PBXBuildFile; fileRef = 3D8232EB2074DD5200793B04 /* WHLoopScrollView.m */; };
/* End PBXBuildFile section */

/* Begin PBXFileReference section */
		3D8232D12074DD1700793B04 /* LoopScrollView.app */ = {isa = PBXFileReference; explicitFileType = wrapper.application; includeInIndex = 0; path = LoopScrollView.app; sourceTree = BUILT_PRODUCTS_DIR; };
		3D8232D42074DD1700793B04 /* AppDelegate.h */ = {isa = PBXFileReference; lastKnownFileType = sourcecode.c.h; path = AppDelegate.h; sourceTree = "<group>"; };
		3D8232D52074DD1700793B04 /* AppDelegate.m */ = {isa = PBXFileReference; lastKnownFileType = sourcecode.c.objc; path = AppDelegate.m; sourceTree = "<group>"; };
		3D8232D72074DD1700793B04 /* ViewController.h */ = {isa = PBXFileReference; lastKnownFileType = sourcecode.c.h; path = ViewController.h; sourceTree = "<group>"; };
		3D8232D82074DD1700793B04 /* ViewController.m */ = {isa = PBXFileReference; lastKnownFileType = sourcecode.c.objc; path = ViewController.m; sourceTree = "<group>"; };
		3D8232DB2074DD1700793B04 /* Base */ = {isa = PBXFileReference; lastKnownFileType = file.storyboard; name = Base; path = Base.lproj/Main.storyboard; sourceTree = "<group>"; };
		3D8232DD2074DD1700793B04 /* Assets.xcassets */ = {isa = PBXFileReference; lastKnownFileType = folder.assetcatalog; path = Assets.xcassets; sourceTree = "<group>"; };
		3D8232E02074DD1700793B04 /* Base */ = {isa = PBXFileReference; lastKnownFileType = file.storyboard; name = Base; path = Base.lproj/LaunchScreen.storyboard; sourceTree = "<group>"; };
		3D8232E22074DD1700793B04 /* Info.plist */ = {isa = PBXFileReference; lastKnownFileType = text.plist.xml; path = Info.plist; sourceTree = "<group>"; };
		3D8232E32074DD1700793B04 /* main.m */ = {isa = PBXFileReference; lastKnownFileType = sourcecode.c.objc; path = main.m; sourceTree = "<group>"; };
		3D8232EA2074DD5200793B04 /* WHLoopScrollView.h */ = {isa = PBXFileReference; lastKnownFileType = sourcecode.c.h; path = WHLoopScrollView.h; sourceTree = "<group>"; };
		3D8232EB2074DD5200793B04 /* WHLoopScrollView.m */ = {isa = PBXFileReference; lastKnownFileType = sourcecode.c.objc; path = WHLoopScrollView.m; sourceTree = "<group>"; };
/* End PBXFileReference section */

/* Begin PBXFrameworksBuildPhase section */
		3D8232CE2074DD1700793B04 /* Frameworks */ = {
			isa = PBXFrameworksBuildPhase;
			buildActionMask = 2147483647;
			files = (
			);
			runOnlyForDeploymentPostprocessing = 0;
		};
/* End PBXFrameworksBuildPhase section */

/* Begin PBXGroup section */
		3D8232C82074DD1700793B04 = {
			isa = PBXGroup;
			children = (
				3D8232D32074DD1700793B04 /* LoopScrollView */,
				3D8232D22074DD1700793B04 /* Products */,
			);
			sourceTree = "<group>";
		};
		3D8232D22074DD1700793B04 /* Products */ = {
			isa = PBXGroup;
			children = (
				3D8232D12074DD1700793B04 /* LoopScrollView.app */,
			);
			name = Products;
			sourceTree = "<group>";
		};
		3D8232D32074DD1700793B04 /* LoopScrollView */ = {
			isa = PBXGroup;
			children = (
				3D8232ED2074DE8B00793B04 /* WHLoopScrollView */,
				3D8232D42074DD1700793B04 /* AppDelegate.h */,
				3D8232D52074DD1700793B04 /* AppDelegate.m */,
				3D8232D72074DD1700793B04 /* ViewController.h */,
				3D8232D82074DD1700793B04 /* ViewController.m */,
				3D8232DA2074DD1700793B04 /* Main.storyboard */,
				3D8232DD2074DD1700793B04 /* Assets.xcassets */,
				3D8232DF2074DD1700793B04 /* LaunchScreen.storyboard */,
				3D8232E22074DD1700793B04 /* Info.plist */,
				3D8232E32074DD1700793B04 /* main.m */,
			);
			path = LoopScrollView;
			sourceTree = "<group>";
		};
		3D8232ED2074DE8B00793B04 /* WHLoopScrollView */ = {
			isa = PBXGroup;
			children = (
				3D8232EA2074DD5200793B04 /* WHLoopScrollView.h */,
				3D8232EB2074DD5200793B04 /* WHLoopScrollView.m */,
			);
			path = WHLoopScrollView;
			sourceTree = "<group>";
		};
/* End PBXGroup section */

/* Begin PBXNativeTarget section */
		3D8232D02074DD1700793B04 /* LoopScrollView */ = {
			isa = PBXNativeTarget;
			buildConfigurationList = 3D8232E72074DD1700793B04 /* Build configuration list for PBXNativeTarget "LoopScrollView" */;
			buildPhases = (
				3D8232CD2074DD1700793B04 /* Sources */,
				3D8232CE2074DD1700793B04 /* Frameworks */,
				3D8232CF2074DD1700793B04 /* Resources */,
			);
			buildRules = (
			);
			dependencies = (
			);
			name = LoopScrollView;
			productName = LoopScrollView;
			productReference = 3D8232D12074DD1700793B04 /* LoopScrollView.app */;
			productType = "com.apple.product-type.application";
		};
/* End PBXNativeTarget section */

/* Begin PBXProject section */
		3D8232C92074DD1700793B04 /* Project object */ = {
			isa = PBXProject;
			attributes = {
				LastUpgradeCheck = 0920;
				ORGANIZATIONNAME = "文豪";
				TargetAttributes = {
					3D8232D02074DD1700793B04 = {
						CreatedOnToolsVersion = 9.2;
						ProvisioningStyle = Automatic;
					};
				};
			};
			buildConfigurationList = 3D8232CC2074DD1700793B04 /* Build configuration list for PBXProject "LoopScrollView" */;
			compatibilityVersion = "Xcode 8.0";
			developmentRegion = en;
			hasScannedForEncodings = 0;
			knownRegions = (
				en,
				Base,
			);
			mainGroup = 3D8232C82074DD1700793B04;
			productRefGroup = 3D8232D22074DD1700793B04 /* Products */;
			projectDirPath = "";
			projectRoot = "";
			targets = (
				3D8232D02074DD1700793B04 /* LoopScrollView */,
			);
		};
/* End PBXProject section */

/* Begin PBXResourcesBuildPhase section */
		3D8232CF2074DD1700793B04 /* Resources */ = {
			isa = PBXResourcesBuildPhase;
			buildActionMask = 2147483647;
			files = (
				3D8232E12074DD1700793B04 /* LaunchScreen.storyboard in Resources */,
				3D8232DE2074DD1700793B04 /* Assets.xcassets in Resources */,
				3D8232DC2074DD1700793B04 /* Main.storyboard in Resources */,
			);
			runOnlyForDeploymentPostprocessing = 0;
		};
/* End PBXResourcesBuildPhase section */

/* Begin PBXSourcesBuildPhase section */
		3D8232CD2074DD1700793B04 /* Sources */ = {
			isa = PBXSourcesBuildPhase;
			buildActionMask = 2147483647;
			files = (
				3D8232D92074DD1700793B04 /* ViewController.m in Sources */,
				3D8232EC2074DD5200793B04 /* WHLoopScrollView.m in Sources */,
				3D8232E42074DD1700793B04 /* main.m in Sources */,
				3D8232D62074DD1700793B04 /* AppDelegate.m in Sources */,
			);
			runOnlyForDeploymentPostprocessing = 0;
		};
/* End PBXSourcesBuildPhase section */

/* Begin PBXVariantGroup section */
		3D8232DA2074DD1700793B04 /* Main.storyboard */ = {
			isa = PBXVariantGroup;
			children = (
				3D8232DB2074DD1700793B04 /* Base */,
			);
			name = Main.storyboard;
			sourceTree = "<group>";
		};
		3D8232DF2074DD1700793B04 /* LaunchScreen.storyboard */ = {
			isa = PBXVariantGroup;
			children = (
				3D8232E02074DD1700793B04 /* Base */,
			);
			name = LaunchScreen.storyboard;
			sourceTree = "<group>";
		};
/* End PBXVariantGroup section */

/* Begin XCBuildConfiguration section */
		3D8232E52074DD1700793B04 /* Debug */ = {
			isa = XCBuildConfiguration;
			buildSettings = {
				ALWAYS_SEARCH_USER_PATHS = NO;
				CLANG_ANALYZER_NONNULL = YES;
				CLANG_ANALYZER_NUMBER_OBJECT_CONVERSION = YES_AGGRESSIVE;
				CLANG_CXX_LANGUAGE_STANDARD = "gnu++14";
				CLANG_CXX_LIBRARY = "libc++";
				CLANG_ENABLE_MODULES = YES;
				CLANG_ENABLE_OBJC_ARC = YES;
				CLANG_WARN_BLOCK_CAPTURE_AUTORELEASING = YES;
				CLANG_WARN_BOOL_CONVERSION = YES;
				CLANG_WARN_COMMA = YES;
				CLANG_WARN_CONSTANT_CONVERSION = YES;
				CLANG_WARN_DIRECT_OBJC_ISA_USAGE = YES_ERROR;
				CLANG_WARN_DOCUMENTATION_COMMENTS = YES;
				CLANG_WARN_EMPTY_BODY = YES;
				CLANG_WARN_ENUM_CONVERSION = YES;
				CLANG_WARN_INFINITE_RECURSION = YES;
				CLANG_WARN_INT_CONVERSION = YES;
				CLANG_WARN_NON_LITERAL_NULL_CONVERSION = YES;
				CLANG_WARN_OBJC_LITERAL_CONVERSION = YES;
				CLANG_WARN_OBJC_ROOT_CLASS = YES_ERROR;
				CLANG_WARN_RANGE_LOOP_ANALYSIS = YES;
				CLANG_WARN_STRICT_PROTOTYPES = YES;
				CLANG_WARN_SUSPICIOUS_MOVE = YES;
				CLANG_WARN_UNGUARDED_AVAILABILITY = YES_AGGRESSIVE;
				CLANG_WARN_UNREACHABLE_CODE = YES;
				CLANG_WARN__DUPLICATE_METHOD_MATCH = YES;
				CODE_SIGN_IDENTITY = "iPhone Developer";
				COPY_PHASE_STRIP = NO;
				DEBUG_INFORMATION_FORMAT = dwarf;
				ENABLE_STRICT_OBJC_MSGSEND = YES;
				ENABLE_TESTABILITY = YES;
				GCC_C_LANGUAGE_STANDARD = gnu11;
				GCC_DYNAMIC_NO_PIC = NO;
				GCC_NO_COMMON_BLOCKS = YES;
				GCC_OPTIMIZATION_LEVEL = 0;
				GCC_PREPROCESSOR_DEFINITIONS = (
					"DEBUG=1",
					"$(inherited)",
				);
				GCC_WARN_64_TO_32_BIT_CONVERSION = YES;
				GCC_WARN_ABOUT_RETURN_TYPE = YES_ERROR;
				GCC_WARN_UNDECLARED_SELECTOR = YES;
				GCC_WARN_UNINITIALIZED_AUTOS = YES_AGGRESSIVE;
				GCC_WARN_UNUSED_FUNCTION = YES;
				GCC_WARN_UNUSED_VARIABLE = YES;
				IPHONEOS_DEPLOYMENT_TARGET = 11.2;
				MTL_ENABLE_DEBUG_INFO = YES;
				ONLY_ACTIVE_ARCH = YES;
				SDKROOT = iphoneos;
			};
			name = Debug;
		};
		3D8232E62074DD1700793B04 /* Release */ = {
			isa = XCBuildConfiguration;
			buildSettings = {
				ALWAYS_SEARCH_USER_PATHS = NO;
				CLANG_ANALYZER_NONNULL = YES;
				CLANG_ANALYZER_NUMBER_OBJECT_CONVERSION = YES_AGGRESSIVE;
				CLANG_CXX_LANGUAGE_STANDARD = "gnu++14";
				CLANG_CXX_LIBRARY = "libc++";
				CLANG_ENABLE_MODULES = YES;
				CLANG_ENABLE_OBJC_ARC = YES;
				CLANG_WARN_BLOCK_CAPTURE_AUTORELEASING = YES;
				CLANG_WARN_BOOL_CONVERSION = YES;
				CLANG_WARN_COMMA = YES;
				CLANG_WARN_CONSTANT_CONVERSION = YES;
				CLANG_WARN_DIRECT_OBJC_ISA_USAGE = YES_ERROR;
				CLANG_WARN_DOCUMENTATION_COMMENTS = YES;
				CLANG_WARN_EMPTY_BODY = YES;
				CLANG_WARN_ENUM_CONVERSION = YES;
				CLANG_WARN_INFINITE_RECURSION = YES;
				CLANG_WARN_INT_CONVERSION = YES;
				CLANG_WARN_NON_LITERAL_NULL_CONVERSION = YES;
				CLANG_WARN_OBJC_LITERAL_CONVERSION = YES;
				CLANG_WARN_OBJC_ROOT_CLASS = YES_ERROR;
				CLANG_WARN_RANGE_LOOP_ANALYSIS = YES;
				CLANG_WARN_STRICT_PROTOTYPES = YES;
				CLANG_WARN_SUSPICIOUS_MOVE = YES;
				CLANG_WARN_UNGUARDED_AVAILABILITY = YES_AGGRESSIVE;
				CLANG_WARN_UNREACHABLE_CODE = YES;
				CLANG_WARN__DUPLICATE_METHOD_MATCH = YES;
				CODE_SIGN_IDENTITY = "iPhone Developer";
				COPY_PHASE_STRIP = NO;
				DEBUG_INFORMATION_FORMAT = "dwarf-with-dsym";
				ENABLE_NS_ASSERTIONS = NO;
				ENABLE_STRICT_OBJC_MSGSEND = YES;
				GCC_C_LANGUAGE_STANDARD = gnu11;
				GCC_NO_COMMON_BLOCKS = YES;
				GCC_WARN_64_TO_32_BIT_CONVERSION = YES;
				GCC_WARN_ABOUT_RETURN_TYPE = YES_ERROR;
				GCC_WARN_UNDECLARED_SELECTOR = YES;
				GCC_WARN_UNINITIALIZED_AUTOS = YES_AGGRESSIVE;
				GCC_WARN_UNUSED_FUNCTION = YES;
				GCC_WARN_UNUSED_VARIABLE = YES;
				IPHONEOS_DEPLOYMENT_TARGET = 11.2;
				MTL_ENABLE_DEBUG_INFO = NO;
				SDKROOT = iphoneos;
				VALIDATE_PRODUCT = YES;
			};
			name = Release;
		};
		3D8232E82074DD1700793B04 /* Debug */ = {
			isa = XCBuildConfiguration;
			buildSettings = {
				ASSETCATALOG_COMPILER_APPICON_NAME = AppIcon;
				CODE_SIGN_STYLE = Automatic;
				INFOPLIST_FILE = LoopScrollView/Info.plist;
				IPHONEOS_DEPLOYMENT_TARGET = 9.0;
				LD_RUNPATH_SEARCH_PATHS = "$(inherited) @executable_path/Frameworks";
				PRODUCT_BUNDLE_IDENTIFIER = com.goodLuck.LoopScrollView;
				PRODUCT_NAME = "$(TARGET_NAME)";
				TARGETED_DEVICE_FAMILY = "1,2";
			};
			name = Debug;
		};
		3D8232E92074DD1700793B04 /* Release */ = {
			isa = XCBuildConfiguration;
			buildSettings = {
				ASSETCATALOG_COMPILER_APPICON_NAME = AppIcon;
				CODE_SIGN_STYLE = Automatic;
				INFOPLIST_FILE = LoopScrollView/Info.plist;
				IPHONEOS_DEPLOYMENT_TARGET = 9.0;
				LD_RUNPATH_SEARCH_PATHS = "$(inherited) @executable_path/Frameworks";
				PRODUCT_BUNDLE_IDENTIFIER = com.goodLuck.LoopScrollView;
				PRODUCT_NAME = "$(TARGET_NAME)";
				TARGETED_DEVICE_FAMILY = "1,2";
			};
			name = Release;
		};
/* End XCBuildConfiguration section */

/* Begin XCConfigurationList section */
		3D8232CC2074DD1700793B04 /* Build configuration list for PBXProject "LoopScrollView" */ = {
			isa = XCConfigurationList;
			buildConfigurations = (
				3D8232E52074DD1700793B04 /* Debug */,
				3D8232E62074DD1700793B04 /* Release */,
			);
			defaultConfigurationIsVisible = 0;
			defaultConfigurationName = Release;
		};
		3D8232E72074DD1700793B04 /* Build configuration list for PBXNativeTarget "LoopScrollView" */ = {
			isa = XCConfigurationList;
			buildConfigurations = (
				3D8232E82074DD1700793B04 /* Debug */,
				3D8232E92074DD1700793B04 /* Release */,
			);
			defaultConfigurationIsVisible = 0;
			defaultConfigurationName = Release;
		};
/* End XCConfigurationList section */
	};
	rootObject = 3D8232C92074DD1700793B04 /* Project object */;
}
